
Microsoft Visual Studio Solution File, Format Version 12.00
# Visual Studio 2012
Project("{FAE04EC0-301F-11D3-BF4B-00C04F79EFBC}") = "Action_DrawLine_test", "Action_DrawLine_test\Action_DrawLine_test.csproj", "{A370A6D3-9989-4BCC-91EC-2CEAF99ED57F}"
EndProject
Project("{FAE04EC0-301F-11D3-BF4B-00C04F79EFBC}") = "Action_DrawPoint_test", "Action_DrawPoint_test\Action_DrawPoint_test.csproj", "{B61DB32F-4AB9-4469-91B7-DE70A122107D}"
EndProject
Project("{FAE04EC0-301F-11D3-BF4B-00C04F79EFBC}") = "Map_Pan_test", "Map_Pan_test\Map_Pan_test.csproj", "{1EC27A56-EE58-4498-A899-87314D33D6BA}"
EndProject
Project("{FAE04EC0-301F-11D3-BF4B-00C04F79EFBC}") = "Map_PanByPixel_test", "Map_PanByPixel_test\Map_PanByPixel_test.csproj", "{847B5DA6-C021-47C8-BC77-65826500C2F6}"
EndProject
Project("{FAE04EC0-301F-11D3-BF4B-00C04F79EFBC}") = "Map_PanDuration_test", "Map_PanDuration_test\Map_PanDuration_test.csproj", "{010BD7C4-9F72-4F4A-836A-B7D2B3F27573}"
EndProject
Project("{FAE04EC0-301F-11D3-BF4B-00C04F79EFBC}") = "Map_PanFactor_test", "Map_PanFactor_test\Map_PanFactor_test.csproj", "{7FC9EF98-7BA7-493B-896A-5A7F4DBC3E20}"
EndProject
Project("{FAE04EC0-301F-11D3-BF4B-00C04F79EFBC}") = "Map_PanTo_test", "Map_PanTo_test\Map_PanTo_test.csproj", "{435AEEEE-3000-45F7-8CB3-D8AFA42B6FB0}"
EndProject
Project("{FAE04EC0-301F-11D3-BF4B-00C04F79EFBC}") = "Map_Resolutions_test", "Map_Resolutions_test\Map_Resolutions_test.csproj", "{EC87C40E-B7A3-4837-975F-0F5F5E4B0E65}"
EndProject
Project("{FAE04EC0-301F-11D3-BF4B-00C04F79EFBC}") = "Map_ResolutionsChanged_test", "Map_ResolutionsChanged_test\Map_ResolutionsChanged_test.csproj", "{54EE97A8-4BD1-4BA3-9FCA-D548FBC102CA}"
EndProject
Project("{FAE04EC0-301F-11D3-BF4B-00C04F79EFBC}") = "Map_Scales_test", "Map_Scales_test\Map_Scales_test.csproj", "{333A9540-BC99-42A9-81A0-0F572ADB7026}"
EndProject
Project("{FAE04EC0-301F-11D3-BF4B-00C04F79EFBC}") = "Map_ScalesChanged_test", "Map_ScalesChanged_test\Map_ScalesChanged_test.csproj", "{70CD9B42-B339-485F-A84B-028B0861143C}"
EndProject
Project("{FAE04EC0-301F-11D3-BF4B-00C04F79EFBC}") = "Map_ViewBoundsChanged_test", "Map_ViewBoundsChanged_test\Map_ViewBoundsChanged_test.csproj", "{C6E50F15-D11C-4B63-BD78-AEE63D88BE3B}"
EndProject
Project("{FAE04EC0-301F-11D3-BF4B-00C04F79EFBC}") = "Map_Zoom_test", "Map_Zoom_test\Map_Zoom_test.csproj", "{E2DB673D-9F27-4414-86D3-20C81C0919B5}"
EndProject
Project("{FAE04EC0-301F-11D3-BF4B-00C04F79EFBC}") = "Map_ZoomDuration_test", "Map_ZoomDuration_test\Map_ZoomDuration_test.csproj", "{05AA862D-9742-4B79-B774-8D4377348BCE}"
EndProject
Project("{FAE04EC0-301F-11D3-BF4B-00C04F79EFBC}") = "Map_ZoomFactor_test", "Map_ZoomFactor_test\Map_ZoomFactor_test.csproj", "{BD33A8E8-5D27-4107-8E40-B63475D55503}"
EndProject
Project("{FAE04EC0-301F-11D3-BF4B-00C04F79EFBC}") = "Map_ZoomToLevel_test", "Map_ZoomToLevel_test\Map_ZoomToLevel_test.csproj", "{BC83B7B0-8375-418E-AB6E-2D766A5FCD2B}"
EndProject
Project("{FAE04EC0-301F-11D3-BF4B-00C04F79EFBC}") = "Map_ZoomToResolution_test", "Map_ZoomToResolution_test\Map_ZoomToResolution_test.csproj", "{311AE145-FA69-4F5E-BA25-A0F3CD3F2CB3}"
EndProject
Project("{FAE04EC0-301F-11D3-BF4B-00C04F79EFBC}") = "Map_ZoomToScale_test", "Map_ZoomToScale_test\Map_ZoomToScale_test.csproj", "{BB46EBBB-BDA8-4F5E-A672-83F7460B3840}"
EndProject
Project("{FAE04EC0-301F-11D3-BF4B-00C04F79EFBC}") = "SuperMap.WinRT", "..\SuperMap.WinRT\SuperMap.WinRT.csproj", "{CDDC60E2-BAFA-4D70-B510-4894D4D6D67B}"
EndProject
Project("{FAE04EC0-301F-11D3-BF4B-00C04F79EFBC}") = "SuperMap.WinRT.Controls", "..\SuperMap.WinRT.Controls\SuperMap.WinRT.Controls.csproj", "{98A9B76A-0418-4835-949D-3C8A11048CD5}"
EndProject
Project("{FAE04EC0-301F-11D3-BF4B-00C04F79EFBC}") = "SuperMap.WinRT.iServerJava6R", "..\SuperMap.WinRT.iServerJava6R\SuperMap.WinRT.iServerJava6R.csproj", "{15DF8060-C5AF-482A-923A-090CA923157B}"
EndProject
Global
	GlobalSection(SolutionConfigurationPlatforms) = preSolution
		Debug|Any CPU = Debug|Any CPU
		Debug|ARM = Debug|ARM
		Debug|x64 = Debug|x64
		Debug|x86 = Debug|x86
		Release|Any CPU = Release|Any CPU
		Release|ARM = Release|ARM
		Release|x64 = Release|x64
		Release|x86 = Release|x86
	EndGlobalSection
	GlobalSection(ProjectConfigurationPlatforms) = postSolution
		{A370A6D3-9989-4BCC-91EC-2CEAF99ED57F}.Debug|Any CPU.ActiveCfg = Debug|Any CPU
		{A370A6D3-9989-4BCC-91EC-2CEAF99ED57F}.Debug|Any CPU.Build.0 = Debug|Any CPU
		{A370A6D3-9989-4BCC-91EC-2CEAF99ED57F}.Debug|Any CPU.Deploy.0 = Debug|Any CPU
		{A370A6D3-9989-4BCC-91EC-2CEAF99ED57F}.Debug|ARM.ActiveCfg = Debug|ARM
		{A370A6D3-9989-4BCC-91EC-2CEAF99ED57F}.Debug|ARM.Build.0 = Debug|ARM
		{A370A6D3-9989-4BCC-91EC-2CEAF99ED57F}.Debug|ARM.Deploy.0 = Debug|ARM
		{A370A6D3-9989-4BCC-91EC-2CEAF99ED57F}.Debug|x64.ActiveCfg = Debug|x64
		{A370A6D3-9989-4BCC-91EC-2CEAF99ED57F}.Debug|x64.Build.0 = Debug|x64
		{A370A6D3-9989-4BCC-91EC-2CEAF99ED57F}.Debug|x64.Deploy.0 = Debug|x64
		{A370A6D3-9989-4BCC-91EC-2CEAF99ED57F}.Debug|x86.ActiveCfg = Debug|x86
		{A370A6D3-9989-4BCC-91EC-2CEAF99ED57F}.Debug|x86.Build.0 = Debug|x86
		{A370A6D3-9989-4BCC-91EC-2CEAF99ED57F}.Debug|x86.Deploy.0 = Debug|x86
		{A370A6D3-9989-4BCC-91EC-2CEAF99ED57F}.Release|Any CPU.ActiveCfg = Release|Any CPU
		{A370A6D3-9989-4BCC-91EC-2CEAF99ED57F}.Release|Any CPU.Build.0 = Release|Any CPU
		{A370A6D3-9989-4BCC-91EC-2CEAF99ED57F}.Release|Any CPU.Deploy.0 = Release|Any CPU
		{A370A6D3-9989-4BCC-91EC-2CEAF99ED57F}.Release|ARM.ActiveCfg = Release|ARM
		{A370A6D3-9989-4BCC-91EC-2CEAF99ED57F}.Release|ARM.Build.0 = Release|ARM
		{A370A6D3-9989-4BCC-91EC-2CEAF99ED57F}.Release|ARM.Deploy.0 = Release|ARM
		{A370A6D3-9989-4BCC-91EC-2CEAF99ED57F}.Release|x64.ActiveCfg = Release|x64
		{A370A6D3-9989-4BCC-91EC-2CEAF99ED57F}.Release|x64.Build.0 = Release|x64
		{A370A6D3-9989-4BCC-91EC-2CEAF99ED57F}.Release|x64.Deploy.0 = Release|x64
		{A370A6D3-9989-4BCC-91EC-2CEAF99ED57F}.Release|x86.ActiveCfg = Release|x86
		{A370A6D3-9989-4BCC-91EC-2CEAF99ED57F}.Release|x86.Build.0 = Release|x86
		{A370A6D3-9989-4BCC-91EC-2CEAF99ED57F}.Release|x86.Deploy.0 = Release|x86
		{B61DB32F-4AB9-4469-91B7-DE70A122107D}.Debug|Any CPU.ActiveCfg = Debug|Any CPU
		{B61DB32F-4AB9-4469-91B7-DE70A122107D}.Debug|Any CPU.Build.0 = Debug|Any CPU
		{B61DB32F-4AB9-4469-91B7-DE70A122107D}.Debug|Any CPU.Deploy.0 = Debug|Any CPU
		{B61DB32F-4AB9-4469-91B7-DE70A122107D}.Debug|ARM.ActiveCfg = Debug|ARM
		{B61DB32F-4AB9-4469-91B7-DE70A122107D}.Debug|ARM.Build.0 = Debug|ARM
		{B61DB32F-4AB9-4469-91B7-DE70A122107D}.Debug|ARM.Deploy.0 = Debug|ARM
		{B61DB32F-4AB9-4469-91B7-DE70A122107D}.Debug|x64.ActiveCfg = Debug|x64
		{B61DB32F-4AB9-4469-91B7-DE70A122107D}.Debug|x64.Build.0 = Debug|x64
		{B61DB32F-4AB9-4469-91B7-DE70A122107D}.Debug|x64.Deploy.0 = Debug|x64
		{B61DB32F-4AB9-4469-91B7-DE70A122107D}.Debug|x86.ActiveCfg = Debug|x86
		{B61DB32F-4AB9-4469-91B7-DE70A122107D}.Debug|x86.Build.0 = Debug|x86
		{B61DB32F-4AB9-4469-91B7-DE70A122107D}.Debug|x86.Deploy.0 = Debug|x86
		{B61DB32F-4AB9-4469-91B7-DE70A122107D}.Release|Any CPU.ActiveCfg = Release|Any CPU
		{B61DB32F-4AB9-4469-91B7-DE70A122107D}.Release|Any CPU.Build.0 = Release|Any CPU
		{B61DB32F-4AB9-4469-91B7-DE70A122107D}.Release|Any CPU.Deploy.0 = Release|Any CPU
		{B61DB32F-4AB9-4469-91B7-DE70A122107D}.Release|ARM.ActiveCfg = Release|ARM
		{B61DB32F-4AB9-4469-91B7-DE70A122107D}.Release|ARM.Build.0 = Release|ARM
		{B61DB32F-4AB9-4469-91B7-DE70A122107D}.Release|ARM.Deploy.0 = Release|ARM
		{B61DB32F-4AB9-4469-91B7-DE70A122107D}.Release|x64.ActiveCfg = Release|x64
		{B61DB32F-4AB9-4469-91B7-DE70A122107D}.Release|x64.Build.0 = Release|x64
		{B61DB32F-4AB9-4469-91B7-DE70A122107D}.Release|x64.Deploy.0 = Release|x64
		{B61DB32F-4AB9-4469-91B7-DE70A122107D}.Release|x86.ActiveCfg = Release|x86
		{B61DB32F-4AB9-4469-91B7-DE70A122107D}.Release|x86.Build.0 = Release|x86
		{B61DB32F-4AB9-4469-91B7-DE70A122107D}.Release|x86.Deploy.0 = Release|x86
		{1EC27A56-EE58-4498-A899-87314D33D6BA}.Debug|Any CPU.ActiveCfg = Debug|Any CPU
		{1EC27A56-EE58-4498-A899-87314D33D6BA}.Debug|Any CPU.Build.0 = Debug|Any CPU
		{1EC27A56-EE58-4498-A899-87314D33D6BA}.Debug|Any CPU.Deploy.0 = Debug|Any CPU
		{1EC27A56-EE58-4498-A899-87314D33D6BA}.Debug|ARM.ActiveCfg = Debug|ARM
		{1EC27A56-EE58-4498-A899-87314D33D6BA}.Debug|ARM.Build.0 = Debug|ARM
		{1EC27A56-EE58-4498-A899-87314D33D6BA}.Debug|ARM.Deploy.0 = Debug|ARM
		{1EC27A56-EE58-4498-A899-87314D33D6BA}.Debug|x64.ActiveCfg = Debug|x64
		{1EC27A56-EE58-4498-A899-87314D33D6BA}.Debug|x64.Build.0 = Debug|x64
		{1EC27A56-EE58-4498-A899-87314D33D6BA}.Debug|x64.Deploy.0 = Debug|x64
		{1EC27A56-EE58-4498-A899-87314D33D6BA}.Debug|x86.ActiveCfg = Debug|x86
		{1EC27A56-EE58-4498-A899-87314D33D6BA}.Debug|x86.Build.0 = Debug|x86
		{1EC27A56-EE58-4498-A899-87314D33D6BA}.Debug|x86.Deploy.0 = Debug|x86
		{1EC27A56-EE58-4498-A899-87314D33D6BA}.Release|Any CPU.ActiveCfg = Release|Any CPU
		{1EC27A56-EE58-4498-A899-87314D33D6BA}.Release|Any CPU.Build.0 = Release|Any CPU
		{1EC27A56-EE58-4498-A899-87314D33D6BA}.Release|Any CPU.Deploy.0 = Release|Any CPU
		{1EC27A56-EE58-4498-A899-87314D33D6BA}.Release|ARM.ActiveCfg = Release|ARM
		{1EC27A56-EE58-4498-A899-87314D33D6BA}.Release|ARM.Build.0 = Release|ARM
		{1EC27A56-EE58-4498-A899-87314D33D6BA}.Release|ARM.Deploy.0 = Release|ARM
		{1EC27A56-EE58-4498-A899-87314D33D6BA}.Release|x64.ActiveCfg = Release|x64
		{1EC27A56-EE58-4498-A899-87314D33D6BA}.Release|x64.Build.0 = Release|x64
		{1EC27A56-EE58-4498-A899-87314D33D6BA}.Release|x64.Deploy.0 = Release|x64
		{1EC27A56-EE58-4498-A899-87314D33D6BA}.Release|x86.ActiveCfg = Release|x86
		{1EC27A56-EE58-4498-A899-87314D33D6BA}.Release|x86.Build.0 = Release|x86
		{1EC27A56-EE58-4498-A899-87314D33D6BA}.Release|x86.Deploy.0 = Release|x86
		{847B5DA6-C021-47C8-BC77-65826500C2F6}.Debug|Any CPU.ActiveCfg = Debug|Any CPU
		{847B5DA6-C021-47C8-BC77-65826500C2F6}.Debug|Any CPU.Build.0 = Debug|Any CPU
		{847B5DA6-C021-47C8-BC77-65826500C2F6}.Debug|Any CPU.Deploy.0 = Debug|Any CPU
		{847B5DA6-C021-47C8-BC77-65826500C2F6}.Debug|ARM.ActiveCfg = Debug|ARM
		{847B5DA6-C021-47C8-BC77-65826500C2F6}.Debug|ARM.Build.0 = Debug|ARM
		{847B5DA6-C021-47C8-BC77-65826500C2F6}.Debug|ARM.Deploy.0 = Debug|ARM
		{847B5DA6-C021-47C8-BC77-65826500C2F6}.Debug|x64.ActiveCfg = Debug|x64
		{847B5DA6-C021-47C8-BC77-65826500C2F6}.Debug|x64.Build.0 = Debug|x64
		{847B5DA6-C021-47C8-BC77-65826500C2F6}.Debug|x64.Deploy.0 = Debug|x64
		{847B5DA6-C021-47C8-BC77-65826500C2F6}.Debug|x86.ActiveCfg = Debug|x86
		{847B5DA6-C021-47C8-BC77-65826500C2F6}.Debug|x86.Build.0 = Debug|x86
		{847B5DA6-C021-47C8-BC77-65826500C2F6}.Debug|x86.Deploy.0 = Debug|x86
		{847B5DA6-C021-47C8-BC77-65826500C2F6}.Release|Any CPU.ActiveCfg = Release|Any CPU
		{847B5DA6-C021-47C8-BC77-65826500C2F6}.Release|Any CPU.Build.0 = Release|Any CPU
		{847B5DA6-C021-47C8-BC77-65826500C2F6}.Release|Any CPU.Deploy.0 = Release|Any CPU
		{847B5DA6-C021-47C8-BC77-65826500C2F6}.Release|ARM.ActiveCfg = Release|ARM
		{847B5DA6-C021-47C8-BC77-65826500C2F6}.Release|ARM.Build.0 = Release|ARM
		{847B5DA6-C021-47C8-BC77-65826500C2F6}.Release|ARM.Deploy.0 = Release|ARM
		{847B5DA6-C021-47C8-BC77-65826500C2F6}.Release|x64.ActiveCfg = Release|x64
		{847B5DA6-C021-47C8-BC77-65826500C2F6}.Release|x64.Build.0 = Release|x64
		{847B5DA6-C021-47C8-BC77-65826500C2F6}.Release|x64.Deploy.0 = Release|x64
		{847B5DA6-C021-47C8-BC77-65826500C2F6}.Release|x86.ActiveCfg = Release|x86
		{847B5DA6-C021-47C8-BC77-65826500C2F6}.Release|x86.Build.0 = Release|x86
		{847B5DA6-C021-47C8-BC77-65826500C2F6}.Release|x86.Deploy.0 = Release|x86
		{010BD7C4-9F72-4F4A-836A-B7D2B3F27573}.Debug|Any CPU.ActiveCfg = Debug|Any CPU
		{010BD7C4-9F72-4F4A-836A-B7D2B3F27573}.Debug|Any CPU.Build.0 = Debug|Any CPU
		{010BD7C4-9F72-4F4A-836A-B7D2B3F27573}.Debug|Any CPU.Deploy.0 = Debug|Any CPU
		{010BD7C4-9F72-4F4A-836A-B7D2B3F27573}.Debug|ARM.ActiveCfg = Debug|ARM
		{010BD7C4-9F72-4F4A-836A-B7D2B3F27573}.Debug|ARM.Build.0 = Debug|ARM
		{010BD7C4-9F72-4F4A-836A-B7D2B3F27573}.Debug|ARM.Deploy.0 = Debug|ARM
		{010BD7C4-9F72-4F4A-836A-B7D2B3F27573}.Debug|x64.ActiveCfg = Debug|x64
		{010BD7C4-9F72-4F4A-836A-B7D2B3F27573}.Debug|x64.Build.0 = Debug|x64
		{010BD7C4-9F72-4F4A-836A-B7D2B3F27573}.Debug|x64.Deploy.0 = Debug|x64
		{010BD7C4-9F72-4F4A-836A-B7D2B3F27573}.Debug|x86.ActiveCfg = Debug|x86
		{010BD7C4-9F72-4F4A-836A-B7D2B3F27573}.Debug|x86.Build.0 = Debug|x86
		{010BD7C4-9F72-4F4A-836A-B7D2B3F27573}.Debug|x86.Deploy.0 = Debug|x86
		{010BD7C4-9F72-4F4A-836A-B7D2B3F27573}.Release|Any CPU.ActiveCfg = Release|Any CPU
		{010BD7C4-9F72-4F4A-836A-B7D2B3F27573}.Release|Any CPU.Build.0 = Release|Any CPU
		{010BD7C4-9F72-4F4A-836A-B7D2B3F27573}.Release|Any CPU.Deploy.0 = Release|Any CPU
		{010BD7C4-9F72-4F4A-836A-B7D2B3F27573}.Release|ARM.ActiveCfg = Release|ARM
		{010BD7C4-9F72-4F4A-836A-B7D2B3F27573}.Release|ARM.Build.0 = Release|ARM
		{010BD7C4-9F72-4F4A-836A-B7D2B3F27573}.Release|ARM.Deploy.0 = Release|ARM
		{010BD7C4-9F72-4F4A-836A-B7D2B3F27573}.Release|x64.ActiveCfg = Release|x64
		{010BD7C4-9F72-4F4A-836A-B7D2B3F27573}.Release|x64.Build.0 = Release|x64
		{010BD7C4-9F72-4F4A-836A-B7D2B3F27573}.Release|x64.Deploy.0 = Release|x64
		{010BD7C4-9F72-4F4A-836A-B7D2B3F27573}.Release|x86.ActiveCfg = Release|x86
		{010BD7C4-9F72-4F4A-836A-B7D2B3F27573}.Release|x86.Build.0 = Release|x86
		{010BD7C4-9F72-4F4A-836A-B7D2B3F27573}.Release|x86.Deploy.0 = Release|x86
		{7FC9EF98-7BA7-493B-896A-5A7F4DBC3E20}.Debug|Any CPU.ActiveCfg = Debug|Any CPU
		{7FC9EF98-7BA7-493B-896A-5A7F4DBC3E20}.Debug|Any CPU.Build.0 = Debug|Any CPU
		{7FC9EF98-7BA7-493B-896A-5A7F4DBC3E20}.Debug|Any CPU.Deploy.0 = Debug|Any CPU
		{7FC9EF98-7BA7-493B-896A-5A7F4DBC3E20}.Debug|ARM.ActiveCfg = Debug|ARM
		{7FC9EF98-7BA7-493B-896A-5A7F4DBC3E20}.Debug|ARM.Build.0 = Debug|ARM
		{7FC9EF98-7BA7-493B-896A-5A7F4DBC3E20}.Debug|ARM.Deploy.0 = Debug|ARM
		{7FC9EF98-7BA7-493B-896A-5A7F4DBC3E20}.Debug|x64.ActiveCfg = Debug|x64
		{7FC9EF98-7BA7-493B-896A-5A7F4DBC3E20}.Debug|x64.Build.0 = Debug|x64
		{7FC9EF98-7BA7-493B-896A-5A7F4DBC3E20}.Debug|x64.Deploy.0 = Debug|x64
		{7FC9EF98-7BA7-493B-896A-5A7F4DBC3E20}.Debug|x86.ActiveCfg = Debug|x86
		{7FC9EF98-7BA7-493B-896A-5A7F4DBC3E20}.Debug|x86.Build.0 = Debug|x86
		{7FC9EF98-7BA7-493B-896A-5A7F4DBC3E20}.Debug|x86.Deploy.0 = Debug|x86
		{7FC9EF98-7BA7-493B-896A-5A7F4DBC3E20}.Release|Any CPU.ActiveCfg = Release|Any CPU
		{7FC9EF98-7BA7-493B-896A-5A7F4DBC3E20}.Release|Any CPU.Build.0 = Release|Any CPU
		{7FC9EF98-7BA7-493B-896A-5A7F4DBC3E20}.Release|Any CPU.Deploy.0 = Release|Any CPU
		{7FC9EF98-7BA7-493B-896A-5A7F4DBC3E20}.Release|ARM.ActiveCfg = Release|ARM
		{7FC9EF98-7BA7-493B-896A-5A7F4DBC3E20}.Release|ARM.Build.0 = Release|ARM
		{7FC9EF98-7BA7-493B-896A-5A7F4DBC3E20}.Release|ARM.Deploy.0 = Release|ARM
		{7FC9EF98-7BA7-493B-896A-5A7F4DBC3E20}.Release|x64.ActiveCfg = Release|x64
		{7FC9EF98-7BA7-493B-896A-5A7F4DBC3E20}.Release|x64.Build.0 = Release|x64
		{7FC9EF98-7BA7-493B-896A-5A7F4DBC3E20}.Release|x64.Deploy.0 = Release|x64
		{7FC9EF98-7BA7-493B-896A-5A7F4DBC3E20}.Release|x86.ActiveCfg = Release|x86
		{7FC9EF98-7BA7-493B-896A-5A7F4DBC3E20}.Release|x86.Build.0 = Release|x86
		{7FC9EF98-7BA7-493B-896A-5A7F4DBC3E20}.Release|x86.Deploy.0 = Release|x86
		{435AEEEE-3000-45F7-8CB3-D8AFA42B6FB0}.Debug|Any CPU.ActiveCfg = Debug|Any CPU
		{435AEEEE-3000-45F7-8CB3-D8AFA42B6FB0}.Debug|Any CPU.Build.0 = Debug|Any CPU
		{435AEEEE-3000-45F7-8CB3-D8AFA42B6FB0}.Debug|Any CPU.Deploy.0 = Debug|Any CPU
		{435AEEEE-3000-45F7-8CB3-D8AFA42B6FB0}.Debug|ARM.ActiveCfg = Debug|ARM
		{435AEEEE-3000-45F7-8CB3-D8AFA42B6FB0}.Debug|ARM.Build.0 = Debug|ARM
		{435AEEEE-3000-45F7-8CB3-D8AFA42B6FB0}.Debug|ARM.Deploy.0 = Debug|ARM
		{435AEEEE-3000-45F7-8CB3-D8AFA42B6FB0}.Debug|x64.ActiveCfg = Debug|x64
		{435AEEEE-3000-45F7-8CB3-D8AFA42B6FB0}.Debug|x64.Build.0 = Debug|x64
		{435AEEEE-3000-45F7-8CB3-D8AFA42B6FB0}.Debug|x64.Deploy.0 = Debug|x64
		{435AEEEE-3000-45F7-8CB3-D8AFA42B6FB0}.Debug|x86.ActiveCfg = Debug|x86
		{435AEEEE-3000-45F7-8CB3-D8AFA42B6FB0}.Debug|x86.Build.0 = Debug|x86
		{435AEEEE-3000-45F7-8CB3-D8AFA42B6FB0}.Debug|x86.Deploy.0 = Debug|x86
		{435AEEEE-3000-45F7-8CB3-D8AFA42B6FB0}.Release|Any CPU.ActiveCfg = Release|Any CPU
		{435AEEEE-3000-45F7-8CB3-D8AFA42B6FB0}.Release|Any CPU.Build.0 = Release|Any CPU
		{435AEEEE-3000-45F7-8CB3-D8AFA42B6FB0}.Release|Any CPU.Deploy.0 = Release|Any CPU
		{435AEEEE-3000-45F7-8CB3-D8AFA42B6FB0}.Release|ARM.ActiveCfg = Release|ARM
		{435AEEEE-3000-45F7-8CB3-D8AFA42B6FB0}.Release|ARM.Build.0 = Release|ARM
		{435AEEEE-3000-45F7-8CB3-D8AFA42B6FB0}.Release|ARM.Deploy.0 = Release|ARM
		{435AEEEE-3000-45F7-8CB3-D8AFA42B6FB0}.Release|x64.ActiveCfg = Release|x64
		{435AEEEE-3000-45F7-8CB3-D8AFA42B6FB0}.Release|x64.Build.0 = Release|x64
		{435AEEEE-3000-45F7-8CB3-D8AFA42B6FB0}.Release|x64.Deploy.0 = Release|x64
		{435AEEEE-3000-45F7-8CB3-D8AFA42B6FB0}.Release|x86.ActiveCfg = Release|x86
		{435AEEEE-3000-45F7-8CB3-D8AFA42B6FB0}.Release|x86.Build.0 = Release|x86
		{435AEEEE-3000-45F7-8CB3-D8AFA42B6FB0}.Release|x86.Deploy.0 = Release|x86
		{EC87C40E-B7A3-4837-975F-0F5F5E4B0E65}.Debug|Any CPU.ActiveCfg = Debug|Any CPU
		{EC87C40E-B7A3-4837-975F-0F5F5E4B0E65}.Debug|Any CPU.Build.0 = Debug|Any CPU
		{EC87C40E-B7A3-4837-975F-0F5F5E4B0E65}.Debug|Any CPU.Deploy.0 = Debug|Any CPU
		{EC87C40E-B7A3-4837-975F-0F5F5E4B0E65}.Debug|ARM.ActiveCfg = Debug|ARM
		{EC87C40E-B7A3-4837-975F-0F5F5E4B0E65}.Debug|ARM.Build.0 = Debug|ARM
		{EC87C40E-B7A3-4837-975F-0F5F5E4B0E65}.Debug|ARM.Deploy.0 = Debug|ARM
		{EC87C40E-B7A3-4837-975F-0F5F5E4B0E65}.Debug|x64.ActiveCfg = Debug|x64
		{EC87C40E-B7A3-4837-975F-0F5F5E4B0E65}.Debug|x64.Build.0 = Debug|x64
		{EC87C40E-B7A3-4837-975F-0F5F5E4B0E65}.Debug|x64.Deploy.0 = Debug|x64
		{EC87C40E-B7A3-4837-975F-0F5F5E4B0E65}.Debug|x86.ActiveCfg = Debug|x86
		{EC87C40E-B7A3-4837-975F-0F5F5E4B0E65}.Debug|x86.Build.0 = Debug|x86
		{EC87C40E-B7A3-4837-975F-0F5F5E4B0E65}.Debug|x86.Deploy.0 = Debug|x86
		{EC87C40E-B7A3-4837-975F-0F5F5E4B0E65}.Release|Any CPU.ActiveCfg = Release|Any CPU
		{EC87C40E-B7A3-4837-975F-0F5F5E4B0E65}.Release|Any CPU.Build.0 = Release|Any CPU
		{EC87C40E-B7A3-4837-975F-0F5F5E4B0E65}.Release|Any CPU.Deploy.0 = Release|Any CPU
		{EC87C40E-B7A3-4837-975F-0F5F5E4B0E65}.Release|ARM.ActiveCfg = Release|ARM
		{EC87C40E-B7A3-4837-975F-0F5F5E4B0E65}.Release|ARM.Build.0 = Release|ARM
		{EC87C40E-B7A3-4837-975F-0F5F5E4B0E65}.Release|ARM.Deploy.0 = Release|ARM
		{EC87C40E-B7A3-4837-975F-0F5F5E4B0E65}.Release|x64.ActiveCfg = Release|x64
		{EC87C40E-B7A3-4837-975F-0F5F5E4B0E65}.Release|x64.Build.0 = Release|x64
		{EC87C40E-B7A3-4837-975F-0F5F5E4B0E65}.Release|x64.Deploy.0 = Release|x64
		{EC87C40E-B7A3-4837-975F-0F5F5E4B0E65}.Release|x86.ActiveCfg = Release|x86
		{EC87C40E-B7A3-4837-975F-0F5F5E4B0E65}.Release|x86.Build.0 = Release|x86
		{EC87C40E-B7A3-4837-975F-0F5F5E4B0E65}.Release|x86.Deploy.0 = Release|x86
		{54EE97A8-4BD1-4BA3-9FCA-D548FBC102CA}.Debug|Any CPU.ActiveCfg = Debug|Any CPU
		{54EE97A8-4BD1-4BA3-9FCA-D548FBC102CA}.Debug|Any CPU.Build.0 = Debug|Any CPU
		{54EE97A8-4BD1-4BA3-9FCA-D548FBC102CA}.Debug|Any CPU.Deploy.0 = Debug|Any CPU
		{54EE97A8-4BD1-4BA3-9FCA-D548FBC102CA}.Debug|ARM.ActiveCfg = Debug|ARM
		{54EE97A8-4BD1-4BA3-9FCA-D548FBC102CA}.Debug|ARM.Build.0 = Debug|ARM
		{54EE97A8-4BD1-4BA3-9FCA-D548FBC102CA}.Debug|ARM.Deploy.0 = Debug|ARM
		{54EE97A8-4BD1-4BA3-9FCA-D548FBC102CA}.Debug|x64.ActiveCfg = Debug|x64
		{54EE97A8-4BD1-4BA3-9FCA-D548FBC102CA}.Debug|x64.Build.0 = Debug|x64
		{54EE97A8-4BD1-4BA3-9FCA-D548FBC102CA}.Debug|x64.Deploy.0 = Debug|x64
		{54EE97A8-4BD1-4BA3-9FCA-D548FBC102CA}.Debug|x86.ActiveCfg = Debug|x86
		{54EE97A8-4BD1-4BA3-9FCA-D548FBC102CA}.Debug|x86.Build.0 = Debug|x86
		{54EE97A8-4BD1-4BA3-9FCA-D548FBC102CA}.Debug|x86.Deploy.0 = Debug|x86
		{54EE97A8-4BD1-4BA3-9FCA-D548FBC102CA}.Release|Any CPU.ActiveCfg = Release|Any CPU
		{54EE97A8-4BD1-4BA3-9FCA-D548FBC102CA}.Release|Any CPU.Build.0 = Release|Any CPU
		{54EE97A8-4BD1-4BA3-9FCA-D548FBC102CA}.Release|Any CPU.Deploy.0 = Release|Any CPU
		{54EE97A8-4BD1-4BA3-9FCA-D548FBC102CA}.Release|ARM.ActiveCfg = Release|ARM
		{54EE97A8-4BD1-4BA3-9FCA-D548FBC102CA}.Release|ARM.Build.0 = Release|ARM
		{54EE97A8-4BD1-4BA3-9FCA-D548FBC102CA}.Release|ARM.Deploy.0 = Release|ARM
		{54EE97A8-4BD1-4BA3-9FCA-D548FBC102CA}.Release|x64.ActiveCfg = Release|x64
		{54EE97A8-4BD1-4BA3-9FCA-D548FBC102CA}.Release|x64.Build.0 = Release|x64
		{54EE97A8-4BD1-4BA3-9FCA-D548FBC102CA}.Release|x64.Deploy.0 = Release|x64
		{54EE97A8-4BD1-4BA3-9FCA-D548FBC102CA}.Release|x86.ActiveCfg = Release|x86
		{54EE97A8-4BD1-4BA3-9FCA-D548FBC102CA}.Release|x86.Build.0 = Release|x86
		{54EE97A8-4BD1-4BA3-9FCA-D548FBC102CA}.Release|x86.Deploy.0 = Release|x86
		{333A9540-BC99-42A9-81A0-0F572ADB7026}.Debug|Any CPU.ActiveCfg = Debug|Any CPU
		{333A9540-BC99-42A9-81A0-0F572ADB7026}.Debug|Any CPU.Build.0 = Debug|Any CPU
		{333A9540-BC99-42A9-81A0-0F572ADB7026}.Debug|Any CPU.Deploy.0 = Debug|Any CPU
		{333A9540-BC99-42A9-81A0-0F572ADB7026}.Debug|ARM.ActiveCfg = Debug|ARM
		{333A9540-BC99-42A9-81A0-0F572ADB7026}.Debug|ARM.Build.0 = Debug|ARM
		{333A9540-BC99-42A9-81A0-0F572ADB7026}.Debug|ARM.Deploy.0 = Debug|ARM
		{333A9540-BC99-42A9-81A0-0F572ADB7026}.Debug|x64.ActiveCfg = Debug|x64
		{333A9540-BC99-42A9-81A0-0F572ADB7026}.Debug|x64.Build.0 = Debug|x64
		{333A9540-BC99-42A9-81A0-0F572ADB7026}.Debug|x64.Deploy.0 = Debug|x64
		{333A9540-BC99-42A9-81A0-0F572ADB7026}.Debug|x86.ActiveCfg = Debug|x86
		{333A9540-BC99-42A9-81A0-0F572ADB7026}.Debug|x86.Build.0 = Debug|x86
		{333A9540-BC99-42A9-81A0-0F572ADB7026}.Debug|x86.Deploy.0 = Debug|x86
		{333A9540-BC99-42A9-81A0-0F572ADB7026}.Release|Any CPU.ActiveCfg = Release|Any CPU
		{333A9540-BC99-42A9-81A0-0F572ADB7026}.Release|Any CPU.Build.0 = Release|Any CPU
		{333A9540-BC99-42A9-81A0-0F572ADB7026}.Release|Any CPU.Deploy.0 = Release|Any CPU
		{333A9540-BC99-42A9-81A0-0F572ADB7026}.Release|ARM.ActiveCfg = Release|ARM
		{333A9540-BC99-42A9-81A0-0F572ADB7026}.Release|ARM.Build.0 = Release|ARM
		{333A9540-BC99-42A9-81A0-0F572ADB7026}.Release|ARM.Deploy.0 = Release|ARM
		{333A9540-BC99-42A9-81A0-0F572ADB7026}.Release|x64.ActiveCfg = Release|x64
		{333A9540-BC99-42A9-81A0-0F572ADB7026}.Release|x64.Build.0 = Release|x64
		{333A9540-BC99-42A9-81A0-0F572ADB7026}.Release|x64.Deploy.0 = Release|x64
		{333A9540-BC99-42A9-81A0-0F572ADB7026}.Release|x86.ActiveCfg = Release|x86
		{333A9540-BC99-42A9-81A0-0F572ADB7026}.Release|x86.Build.0 = Release|x86
		{333A9540-BC99-42A9-81A0-0F572ADB7026}.Release|x86.Deploy.0 = Release|x86
		{70CD9B42-B339-485F-A84B-028B0861143C}.Debug|Any CPU.ActiveCfg = Debug|Any CPU
		{70CD9B42-B339-485F-A84B-028B0861143C}.Debug|Any CPU.Build.0 = Debug|Any CPU
		{70CD9B42-B339-485F-A84B-028B0861143C}.Debug|Any CPU.Deploy.0 = Debug|Any CPU
		{70CD9B42-B339-485F-A84B-028B0861143C}.Debug|ARM.ActiveCfg = Debug|ARM
		{70CD9B42-B339-485F-A84B-028B0861143C}.Debug|ARM.Build.0 = Debug|ARM
		{70CD9B42-B339-485F-A84B-028B0861143C}.Debug|ARM.Deploy.0 = Debug|ARM
		{70CD9B42-B339-485F-A84B-028B0861143C}.Debug|x64.ActiveCfg = Debug|x64
		{70CD9B42-B339-485F-A84B-028B0861143C}.Debug|x64.Build.0 = Debug|x64
		{70CD9B42-B339-485F-A84B-028B0861143C}.Debug|x64.Deploy.0 = Debug|x64
		{70CD9B42-B339-485F-A84B-028B0861143C}.Debug|x86.ActiveCfg = Debug|x86
		{70CD9B42-B339-485F-A84B-028B0861143C}.Debug|x86.Build.0 = Debug|x86
		{70CD9B42-B339-485F-A84B-028B0861143C}.Debug|x86.Deploy.0 = Debug|x86
		{70CD9B42-B339-485F-A84B-028B0861143C}.Release|Any CPU.ActiveCfg = Release|Any CPU
		{70CD9B42-B339-485F-A84B-028B0861143C}.Release|Any CPU.Build.0 = Release|Any CPU
		{70CD9B42-B339-485F-A84B-028B0861143C}.Release|Any CPU.Deploy.0 = Release|Any CPU
		{70CD9B42-B339-485F-A84B-028B0861143C}.Release|ARM.ActiveCfg = Release|ARM
		{70CD9B42-B339-485F-A84B-028B0861143C}.Release|ARM.Build.0 = Release|ARM
		{70CD9B42-B339-485F-A84B-028B0861143C}.Release|ARM.Deploy.0 = Release|ARM
		{70CD9B42-B339-485F-A84B-028B0861143C}.Release|x64.ActiveCfg = Release|x64
		{70CD9B42-B339-485F-A84B-028B0861143C}.Release|x64.Build.0 = Release|x64
		{70CD9B42-B339-485F-A84B-028B0861143C}.Release|x64.Deploy.0 = Release|x64
		{70CD9B42-B339-485F-A84B-028B0861143C}.Release|x86.ActiveCfg = Release|x86
		{70CD9B42-B339-485F-A84B-028B0861143C}.Release|x86.Build.0 = Release|x86
		{70CD9B42-B339-485F-A84B-028B0861143C}.Release|x86.Deploy.0 = Release|x86
		{C6E50F15-D11C-4B63-BD78-AEE63D88BE3B}.Debug|Any CPU.ActiveCfg = Debug|Any CPU
		{C6E50F15-D11C-4B63-BD78-AEE63D88BE3B}.Debug|Any CPU.Build.0 = Debug|Any CPU
		{C6E50F15-D11C-4B63-BD78-AEE63D88BE3B}.Debug|Any CPU.Deploy.0 = Debug|Any CPU
		{C6E50F15-D11C-4B63-BD78-AEE63D88BE3B}.Debug|ARM.ActiveCfg = Debug|ARM
		{C6E50F15-D11C-4B63-BD78-AEE63D88BE3B}.Debug|ARM.Build.0 = Debug|ARM
		{C6E50F15-D11C-4B63-BD78-AEE63D88BE3B}.Debug|ARM.Deploy.0 = Debug|ARM
		{C6E50F15-D11C-4B63-BD78-AEE63D88BE3B}.Debug|x64.ActiveCfg = Debug|x64
		{C6E50F15-D11C-4B63-BD78-AEE63D88BE3B}.Debug|x64.Build.0 = Debug|x64
		{C6E50F15-D11C-4B63-BD78-AEE63D88BE3B}.Debug|x64.Deploy.0 = Debug|x64
		{C6E50F15-D11C-4B63-BD78-AEE63D88BE3B}.Debug|x86.ActiveCfg = Debug|x86
		{C6E50F15-D11C-4B63-BD78-AEE63D88BE3B}.Debug|x86.Build.0 = Debug|x86
		{C6E50F15-D11C-4B63-BD78-AEE63D88BE3B}.Debug|x86.Deploy.0 = Debug|x86
		{C6E50F15-D11C-4B63-BD78-AEE63D88BE3B}.Release|Any CPU.ActiveCfg = Release|Any CPU
		{C6E50F15-D11C-4B63-BD78-AEE63D88BE3B}.Release|Any CPU.Build.0 = Release|Any CPU
		{C6E50F15-D11C-4B63-BD78-AEE63D88BE3B}.Release|Any CPU.Deploy.0 = Release|Any CPU
		{C6E50F15-D11C-4B63-BD78-AEE63D88BE3B}.Release|ARM.ActiveCfg = Release|ARM
		{C6E50F15-D11C-4B63-BD78-AEE63D88BE3B}.Release|ARM.Build.0 = Release|ARM
		{C6E50F15-D11C-4B63-BD78-AEE63D88BE3B}.Release|ARM.Deploy.0 = Release|ARM
		{C6E50F15-D11C-4B63-BD78-AEE63D88BE3B}.Release|x64.ActiveCfg = Release|x64
		{C6E50F15-D11C-4B63-BD78-AEE63D88BE3B}.Release|x64.Build.0 = Release|x64
		{C6E50F15-D11C-4B63-BD78-AEE63D88BE3B}.Release|x64.Deploy.0 = Release|x64
		{C6E50F15-D11C-4B63-BD78-AEE63D88BE3B}.Release|x86.ActiveCfg = Release|x86
		{C6E50F15-D11C-4B63-BD78-AEE63D88BE3B}.Release|x86.Build.0 = Release|x86
		{C6E50F15-D11C-4B63-BD78-AEE63D88BE3B}.Release|x86.Deploy.0 = Release|x86
		{E2DB673D-9F27-4414-86D3-20C81C0919B5}.Debug|Any CPU.ActiveCfg = Debug|Any CPU
		{E2DB673D-9F27-4414-86D3-20C81C0919B5}.Debug|Any CPU.Build.0 = Debug|Any CPU
		{E2DB673D-9F27-4414-86D3-20C81C0919B5}.Debug|Any CPU.Deploy.0 = Debug|Any CPU
		{E2DB673D-9F27-4414-86D3-20C81C0919B5}.Debug|ARM.ActiveCfg = Debug|ARM
		{E2DB673D-9F27-4414-86D3-20C81C0919B5}.Debug|ARM.Build.0 = Debug|ARM
		{E2DB673D-9F27-4414-86D3-20C81C0919B5}.Debug|ARM.Deploy.0 = Debug|ARM
		{E2DB673D-9F27-4414-86D3-20C81C0919B5}.Debug|x64.ActiveCfg = Debug|x64
		{E2DB673D-9F27-4414-86D3-20C81C0919B5}.Debug|x64.Build.0 = Debug|x64
		{E2DB673D-9F27-4414-86D3-20C81C0919B5}.Debug|x64.Deploy.0 = Debug|x64
		{E2DB673D-9F27-4414-86D3-20C81C0919B5}.Debug|x86.ActiveCfg = Debug|x86
		{E2DB673D-9F27-4414-86D3-20C81C0919B5}.Debug|x86.Build.0 = Debug|x86
		{E2DB673D-9F27-4414-86D3-20C81C0919B5}.Debug|x86.Deploy.0 = Debug|x86
		{E2DB673D-9F27-4414-86D3-20C81C0919B5}.Release|Any CPU.ActiveCfg = Release|Any CPU
		{E2DB673D-9F27-4414-86D3-20C81C0919B5}.Release|Any CPU.Build.0 = Release|Any CPU
		{E2DB673D-9F27-4414-86D3-20C81C0919B5}.Release|Any CPU.Deploy.0 = Release|Any CPU
		{E2DB673D-9F27-4414-86D3-20C81C0919B5}.Release|ARM.ActiveCfg = Release|ARM
		{E2DB673D-9F27-4414-86D3-20C81C0919B5}.Release|ARM.Build.0 = Release|ARM
		{E2DB673D-9F27-4414-86D3-20C81C0919B5}.Release|ARM.Deploy.0 = Release|ARM
		{E2DB673D-9F27-4414-86D3-20C81C0919B5}.Release|x64.ActiveCfg = Release|x64
		{E2DB673D-9F27-4414-86D3-20C81C0919B5}.Release|x64.Build.0 = Release|x64
		{E2DB673D-9F27-4414-86D3-20C81C0919B5}.Release|x64.Deploy.0 = Release|x64
		{E2DB673D-9F27-4414-86D3-20C81C0919B5}.Release|x86.ActiveCfg = Release|x86
		{E2DB673D-9F27-4414-86D3-20C81C0919B5}.Release|x86.Build.0 = Release|x86
		{E2DB673D-9F27-4414-86D3-20C81C0919B5}.Release|x86.Deploy.0 = Release|x86
		{05AA862D-9742-4B79-B774-8D4377348BCE}.Debug|Any CPU.ActiveCfg = Debug|Any CPU
		{05AA862D-9742-4B79-B774-8D4377348BCE}.Debug|Any CPU.Build.0 = Debug|Any CPU
		{05AA862D-9742-4B79-B774-8D4377348BCE}.Debug|Any CPU.Deploy.0 = Debug|Any CPU
		{05AA862D-9742-4B79-B774-8D4377348BCE}.Debug|ARM.ActiveCfg = Debug|ARM
		{05AA862D-9742-4B79-B774-8D4377348BCE}.Debug|ARM.Build.0 = Debug|ARM
		{05AA862D-9742-4B79-B774-8D4377348BCE}.Debug|ARM.Deploy.0 = Debug|ARM
		{05AA862D-9742-4B79-B774-8D4377348BCE}.Debug|x64.ActiveCfg = Debug|x64
		{05AA862D-9742-4B79-B774-8D4377348BCE}.Debug|x64.Build.0 = Debug|x64
		{05AA862D-9742-4B79-B774-8D4377348BCE}.Debug|x64.Deploy.0 = Debug|x64
		{05AA862D-9742-4B79-B774-8D4377348BCE}.Debug|x86.ActiveCfg = Debug|x86
		{05AA862D-9742-4B79-B774-8D4377348BCE}.Debug|x86.Build.0 = Debug|x86
		{05AA862D-9742-4B79-B774-8D4377348BCE}.Debug|x86.Deploy.0 = Debug|x86
		{05AA862D-9742-4B79-B774-8D4377348BCE}.Release|Any CPU.ActiveCfg = Release|Any CPU
		{05AA862D-9742-4B79-B774-8D4377348BCE}.Release|Any CPU.Build.0 = Release|Any CPU
		{05AA862D-9742-4B79-B774-8D4377348BCE}.Release|Any CPU.Deploy.0 = Release|Any CPU
		{05AA862D-9742-4B79-B774-8D4377348BCE}.Release|ARM.ActiveCfg = Release|ARM
		{05AA862D-9742-4B79-B774-8D4377348BCE}.Release|ARM.Build.0 = Release|ARM
		{05AA862D-9742-4B79-B774-8D4377348BCE}.Release|ARM.Deploy.0 = Release|ARM
		{05AA862D-9742-4B79-B774-8D4377348BCE}.Release|x64.ActiveCfg = Release|x64
		{05AA862D-9742-4B79-B774-8D4377348BCE}.Release|x64.Build.0 = Release|x64
		{05AA862D-9742-4B79-B774-8D4377348BCE}.Release|x64.Deploy.0 = Release|x64
		{05AA862D-9742-4B79-B774-8D4377348BCE}.Release|x86.ActiveCfg = Release|x86
		{05AA862D-9742-4B79-B774-8D4377348BCE}.Release|x86.Build.0 = Release|x86
		{05AA862D-9742-4B79-B774-8D4377348BCE}.Release|x86.Deploy.0 = Release|x86
		{BD33A8E8-5D27-4107-8E40-B63475D55503}.Debug|Any CPU.ActiveCfg = Debug|Any CPU
		{BD33A8E8-5D27-4107-8E40-B63475D55503}.Debug|Any CPU.Build.0 = Debug|Any CPU
		{BD33A8E8-5D27-4107-8E40-B63475D55503}.Debug|Any CPU.Deploy.0 = Debug|Any CPU
		{BD33A8E8-5D27-4107-8E40-B63475D55503}.Debug|ARM.ActiveCfg = Debug|ARM
		{BD33A8E8-5D27-4107-8E40-B63475D55503}.Debug|ARM.Build.0 = Debug|ARM
		{BD33A8E8-5D27-4107-8E40-B63475D55503}.Debug|ARM.Deploy.0 = Debug|ARM
		{BD33A8E8-5D27-4107-8E40-B63475D55503}.Debug|x64.ActiveCfg = Debug|x64
		{BD33A8E8-5D27-4107-8E40-B63475D55503}.Debug|x64.Build.0 = Debug|x64
		{BD33A8E8-5D27-4107-8E40-B63475D55503}.Debug|x64.Deploy.0 = Debug|x64
		{BD33A8E8-5D27-4107-8E40-B63475D55503}.Debug|x86.ActiveCfg = Debug|x86
		{BD33A8E8-5D27-4107-8E40-B63475D55503}.Debug|x86.Build.0 = Debug|x86
		{BD33A8E8-5D27-4107-8E40-B63475D55503}.Debug|x86.Deploy.0 = Debug|x86
		{BD33A8E8-5D27-4107-8E40-B63475D55503}.Release|Any CPU.ActiveCfg = Release|Any CPU
		{BD33A8E8-5D27-4107-8E40-B63475D55503}.Release|Any CPU.Build.0 = Release|Any CPU
		{BD33A8E8-5D27-4107-8E40-B63475D55503}.Release|Any CPU.Deploy.0 = Release|Any CPU
		{BD33A8E8-5D27-4107-8E40-B63475D55503}.Release|ARM.ActiveCfg = Release|ARM
		{BD33A8E8-5D27-4107-8E40-B63475D55503}.Release|ARM.Build.0 = Release|ARM
		{BD33A8E8-5D27-4107-8E40-B63475D55503}.Release|ARM.Deploy.0 = Release|ARM
		{BD33A8E8-5D27-4107-8E40-B63475D55503}.Release|x64.ActiveCfg = Release|x64
		{BD33A8E8-5D27-4107-8E40-B63475D55503}.Release|x64.Build.0 = Release|x64
		{BD33A8E8-5D27-4107-8E40-B63475D55503}.Release|x64.Deploy.0 = Release|x64
		{BD33A8E8-5D27-4107-8E40-B63475D55503}.Release|x86.ActiveCfg = Release|x86
		{BD33A8E8-5D27-4107-8E40-B63475D55503}.Release|x86.Build.0 = Release|x86
		{BD33A8E8-5D27-4107-8E40-B63475D55503}.Release|x86.Deploy.0 = Release|x86
		{BC83B7B0-8375-418E-AB6E-2D766A5FCD2B}.Debug|Any CPU.ActiveCfg = Debug|Any CPU
		{BC83B7B0-8375-418E-AB6E-2D766A5FCD2B}.Debug|Any CPU.Build.0 = Debug|Any CPU
		{BC83B7B0-8375-418E-AB6E-2D766A5FCD2B}.Debug|Any CPU.Deploy.0 = Debug|Any CPU
		{BC83B7B0-8375-418E-AB6E-2D766A5FCD2B}.Debug|ARM.ActiveCfg = Debug|ARM
		{BC83B7B0-8375-418E-AB6E-2D766A5FCD2B}.Debug|ARM.Build.0 = Debug|ARM
		{BC83B7B0-8375-418E-AB6E-2D766A5FCD2B}.Debug|ARM.Deploy.0 = Debug|ARM
		{BC83B7B0-8375-418E-AB6E-2D766A5FCD2B}.Debug|x64.ActiveCfg = Debug|x64
		{BC83B7B0-8375-418E-AB6E-2D766A5FCD2B}.Debug|x64.Build.0 = Debug|x64
		{BC83B7B0-8375-418E-AB6E-2D766A5FCD2B}.Debug|x64.Deploy.0 = Debug|x64
		{BC83B7B0-8375-418E-AB6E-2D766A5FCD2B}.Debug|x86.ActiveCfg = Debug|x86
		{BC83B7B0-8375-418E-AB6E-2D766A5FCD2B}.Debug|x86.Build.0 = Debug|x86
		{BC83B7B0-8375-418E-AB6E-2D766A5FCD2B}.Debug|x86.Deploy.0 = Debug|x86
		{BC83B7B0-8375-418E-AB6E-2D766A5FCD2B}.Release|Any CPU.ActiveCfg = Release|Any CPU
		{BC83B7B0-8375-418E-AB6E-2D766A5FCD2B}.Release|Any CPU.Build.0 = Release|Any CPU
		{BC83B7B0-8375-418E-AB6E-2D766A5FCD2B}.Release|Any CPU.Deploy.0 = Release|Any CPU
		{BC83B7B0-8375-418E-AB6E-2D766A5FCD2B}.Release|ARM.ActiveCfg = Release|ARM
		{BC83B7B0-8375-418E-AB6E-2D766A5FCD2B}.Release|ARM.Build.0 = Release|ARM
		{BC83B7B0-8375-418E-AB6E-2D766A5FCD2B}.Release|ARM.Deploy.0 = Release|ARM
		{BC83B7B0-8375-418E-AB6E-2D766A5FCD2B}.Release|x64.ActiveCfg = Release|x64
		{BC83B7B0-8375-418E-AB6E-2D766A5FCD2B}.Release|x64.Build.0 = Release|x64
		{BC83B7B0-8375-418E-AB6E-2D766A5FCD2B}.Release|x64.Deploy.0 = Release|x64
		{BC83B7B0-8375-418E-AB6E-2D766A5FCD2B}.Release|x86.ActiveCfg = Release|x86
		{BC83B7B0-8375-418E-AB6E-2D766A5FCD2B}.Release|x86.Build.0 = Release|x86
		{BC83B7B0-8375-418E-AB6E-2D766A5FCD2B}.Release|x86.Deploy.0 = Release|x86
		{311AE145-FA69-4F5E-BA25-A0F3CD3F2CB3}.Debug|Any CPU.ActiveCfg = Debug|Any CPU
		{311AE145-FA69-4F5E-BA25-A0F3CD3F2CB3}.Debug|Any CPU.Build.0 = Debug|Any CPU
		{311AE145-FA69-4F5E-BA25-A0F3CD3F2CB3}.Debug|Any CPU.Deploy.0 = Debug|Any CPU
		{311AE145-FA69-4F5E-BA25-A0F3CD3F2CB3}.Debug|ARM.ActiveCfg = Debug|ARM
		{311AE145-FA69-4F5E-BA25-A0F3CD3F2CB3}.Debug|ARM.Build.0 = Debug|ARM
		{311AE145-FA69-4F5E-BA25-A0F3CD3F2CB3}.Debug|ARM.Deploy.0 = Debug|ARM
		{311AE145-FA69-4F5E-BA25-A0F3CD3F2CB3}.Debug|x64.ActiveCfg = Debug|x64
		{311AE145-FA69-4F5E-BA25-A0F3CD3F2CB3}.Debug|x64.Build.0 = Debug|x64
		{311AE145-FA69-4F5E-BA25-A0F3CD3F2CB3}.Debug|x64.Deploy.0 = Debug|x64
		{311AE145-FA69-4F5E-BA25-A0F3CD3F2CB3}.Debug|x86.ActiveCfg = Debug|x86
		{311AE145-FA69-4F5E-BA25-A0F3CD3F2CB3}.Debug|x86.Build.0 = Debug|x86
		{311AE145-FA69-4F5E-BA25-A0F3CD3F2CB3}.Debug|x86.Deploy.0 = Debug|x86
		{311AE145-FA69-4F5E-BA25-A0F3CD3F2CB3}.Release|Any CPU.ActiveCfg = Release|Any CPU
		{311AE145-FA69-4F5E-BA25-A0F3CD3F2CB3}.Release|Any CPU.Build.0 = Release|Any CPU
		{311AE145-FA69-4F5E-BA25-A0F3CD3F2CB3}.Release|Any CPU.Deploy.0 = Release|Any CPU
		{311AE145-FA69-4F5E-BA25-A0F3CD3F2CB3}.Release|ARM.ActiveCfg = Release|ARM
		{311AE145-FA69-4F5E-BA25-A0F3CD3F2CB3}.Release|ARM.Build.0 = Release|ARM
		{311AE145-FA69-4F5E-BA25-A0F3CD3F2CB3}.Release|ARM.Deploy.0 = Release|ARM
		{311AE145-FA69-4F5E-BA25-A0F3CD3F2CB3}.Release|x64.ActiveCfg = Release|x64
		{311AE145-FA69-4F5E-BA25-A0F3CD3F2CB3}.Release|x64.Build.0 = Release|x64
		{311AE145-FA69-4F5E-BA25-A0F3CD3F2CB3}.Release|x64.Deploy.0 = Release|x64
		{311AE145-FA69-4F5E-BA25-A0F3CD3F2CB3}.Release|x86.ActiveCfg = Release|x86
		{311AE145-FA69-4F5E-BA25-A0F3CD3F2CB3}.Release|x86.Build.0 = Release|x86
		{311AE145-FA69-4F5E-BA25-A0F3CD3F2CB3}.Release|x86.Deploy.0 = Release|x86
		{BB46EBBB-BDA8-4F5E-A672-83F7460B3840}.Debug|Any CPU.ActiveCfg = Debug|Any CPU
		{BB46EBBB-BDA8-4F5E-A672-83F7460B3840}.Debug|Any CPU.Build.0 = Debug|Any CPU
		{BB46EBBB-BDA8-4F5E-A672-83F7460B3840}.Debug|Any CPU.Deploy.0 = Debug|Any CPU
		{BB46EBBB-BDA8-4F5E-A672-83F7460B3840}.Debug|ARM.ActiveCfg = Debug|ARM
		{BB46EBBB-BDA8-4F5E-A672-83F7460B3840}.Debug|ARM.Build.0 = Debug|ARM
		{BB46EBBB-BDA8-4F5E-A672-83F7460B3840}.Debug|ARM.Deploy.0 = Debug|ARM
		{BB46EBBB-BDA8-4F5E-A672-83F7460B3840}.Debug|x64.ActiveCfg = Debug|x64
		{BB46EBBB-BDA8-4F5E-A672-83F7460B3840}.Debug|x64.Build.0 = Debug|x64
		{BB46EBBB-BDA8-4F5E-A672-83F7460B3840}.Debug|x64.Deploy.0 = Debug|x64
		{BB46EBBB-BDA8-4F5E-A672-83F7460B3840}.Debug|x86.ActiveCfg = Debug|x86
		{BB46EBBB-BDA8-4F5E-A672-83F7460B3840}.Debug|x86.Build.0 = Debug|x86
		{BB46EBBB-BDA8-4F5E-A672-83F7460B3840}.Debug|x86.Deploy.0 = Debug|x86
		{BB46EBBB-BDA8-4F5E-A672-83F7460B3840}.Release|Any CPU.ActiveCfg = Release|Any CPU
		{BB46EBBB-BDA8-4F5E-A672-83F7460B3840}.Release|Any CPU.Build.0 = Release|Any CPU
		{BB46EBBB-BDA8-4F5E-A672-83F7460B3840}.Release|Any CPU.Deploy.0 = Release|Any CPU
		{BB46EBBB-BDA8-4F5E-A672-83F7460B3840}.Release|ARM.ActiveCfg = Release|ARM
		{BB46EBBB-BDA8-4F5E-A672-83F7460B3840}.Release|ARM.Build.0 = Release|ARM
		{BB46EBBB-BDA8-4F5E-A672-83F7460B3840}.Release|ARM.Deploy.0 = Release|ARM
		{BB46EBBB-BDA8-4F5E-A672-83F7460B3840}.Release|x64.ActiveCfg = Release|x64
		{BB46EBBB-BDA8-4F5E-A672-83F7460B3840}.Release|x64.Build.0 = Release|x64
		{BB46EBBB-BDA8-4F5E-A672-83F7460B3840}.Release|x64.Deploy.0 = Release|x64
		{BB46EBBB-BDA8-4F5E-A672-83F7460B3840}.Release|x86.ActiveCfg = Release|x86
		{BB46EBBB-BDA8-4F5E-A672-83F7460B3840}.Release|x86.Build.0 = Release|x86
		{BB46EBBB-BDA8-4F5E-A672-83F7460B3840}.Release|x86.Deploy.0 = Release|x86
		{CDDC60E2-BAFA-4D70-B510-4894D4D6D67B}.Debug|Any CPU.ActiveCfg = Debug|Any CPU
		{CDDC60E2-BAFA-4D70-B510-4894D4D6D67B}.Debug|Any CPU.Build.0 = Debug|Any CPU
		{CDDC60E2-BAFA-4D70-B510-4894D4D6D67B}.Debug|ARM.ActiveCfg = Debug|ARM
		{CDDC60E2-BAFA-4D70-B510-4894D4D6D67B}.Debug|ARM.Build.0 = Debug|ARM
		{CDDC60E2-BAFA-4D70-B510-4894D4D6D67B}.Debug|x64.ActiveCfg = Debug|x64
		{CDDC60E2-BAFA-4D70-B510-4894D4D6D67B}.Debug|x64.Build.0 = Debug|x64
		{CDDC60E2-BAFA-4D70-B510-4894D4D6D67B}.Debug|x86.ActiveCfg = Debug|x86
		{CDDC60E2-BAFA-4D70-B510-4894D4D6D67B}.Debug|x86.Build.0 = Debug|x86
		{CDDC60E2-BAFA-4D70-B510-4894D4D6D67B}.Release|Any CPU.ActiveCfg = Release|Any CPU
		{CDDC60E2-BAFA-4D70-B510-4894D4D6D67B}.Release|Any CPU.Build.0 = Release|Any CPU
		{CDDC60E2-BAFA-4D70-B510-4894D4D6D67B}.Release|ARM.ActiveCfg = Release|ARM
		{CDDC60E2-BAFA-4D70-B510-4894D4D6D67B}.Release|ARM.Build.0 = Release|ARM
		{CDDC60E2-BAFA-4D70-B510-4894D4D6D67B}.Release|x64.ActiveCfg = Release|x64
		{CDDC60E2-BAFA-4D70-B510-4894D4D6D67B}.Release|x64.Build.0 = Release|x64
		{CDDC60E2-BAFA-4D70-B510-4894D4D6D67B}.Release|x86.ActiveCfg = Release|x86
		{CDDC60E2-BAFA-4D70-B510-4894D4D6D67B}.Release|x86.Build.0 = Release|x86
		{98A9B76A-0418-4835-949D-3C8A11048CD5}.Debug|Any CPU.ActiveCfg = Debug|Any CPU
		{98A9B76A-0418-4835-949D-3C8A11048CD5}.Debug|Any CPU.Build.0 = Debug|Any CPU
		{98A9B76A-0418-4835-949D-3C8A11048CD5}.Debug|ARM.ActiveCfg = Debug|ARM
		{98A9B76A-0418-4835-949D-3C8A11048CD5}.Debug|ARM.Build.0 = Debug|ARM
		{98A9B76A-0418-4835-949D-3C8A11048CD5}.Debug|x64.ActiveCfg = Debug|x64
		{98A9B76A-0418-4835-949D-3C8A11048CD5}.Debug|x64.Build.0 = Debug|x64
		{98A9B76A-0418-4835-949D-3C8A11048CD5}.Debug|x86.ActiveCfg = Debug|x86
		{98A9B76A-0418-4835-949D-3C8A11048CD5}.Debug|x86.Build.0 = Debug|x86
		{98A9B76A-0418-4835-949D-3C8A11048CD5}.Release|Any CPU.ActiveCfg = Release|Any CPU
		{98A9B76A-0418-4835-949D-3C8A11048CD5}.Release|Any CPU.Build.0 = Release|Any CPU
		{98A9B76A-0418-4835-949D-3C8A11048CD5}.Release|ARM.ActiveCfg = Release|ARM
		{98A9B76A-0418-4835-949D-3C8A11048CD5}.Release|ARM.Build.0 = Release|ARM
		{98A9B76A-0418-4835-949D-3C8A11048CD5}.Release|x64.ActiveCfg = Release|x64
		{98A9B76A-0418-4835-949D-3C8A11048CD5}.Release|x64.Build.0 = Release|x64
		{98A9B76A-0418-4835-949D-3C8A11048CD5}.Release|x86.ActiveCfg = Release|x86
		{98A9B76A-0418-4835-949D-3C8A11048CD5}.Release|x86.Build.0 = Release|x86
		{15DF8060-C5AF-482A-923A-090CA923157B}.Debug|Any CPU.ActiveCfg = Debug|Any CPU
		{15DF8060-C5AF-482A-923A-090CA923157B}.Debug|Any CPU.Build.0 = Debug|Any CPU
		{15DF8060-C5AF-482A-923A-090CA923157B}.Debug|ARM.ActiveCfg = Debug|ARM
		{15DF8060-C5AF-482A-923A-090CA923157B}.Debug|ARM.Build.0 = Debug|ARM
		{15DF8060-C5AF-482A-923A-090CA923157B}.Debug|x64.ActiveCfg = Debug|x64
		{15DF8060-C5AF-482A-923A-090CA923157B}.Debug|x64.Build.0 = Debug|x64
		{15DF8060-C5AF-482A-923A-090CA923157B}.Debug|x86.ActiveCfg = Debug|x86
		{15DF8060-C5AF-482A-923A-090CA923157B}.Debug|x86.Build.0 = Debug|x86
		{15DF8060-C5AF-482A-923A-090CA923157B}.Release|Any CPU.ActiveCfg = Release|Any CPU
		{15DF8060-C5AF-482A-923A-090CA923157B}.Release|Any CPU.Build.0 = Release|Any CPU
		{15DF8060-C5AF-482A-923A-090CA923157B}.Release|ARM.ActiveCfg = Release|ARM
		{15DF8060-C5AF-482A-923A-090CA923157B}.Release|ARM.Build.0 = Release|ARM
		{15DF8060-C5AF-482A-923A-090CA923157B}.Release|x64.ActiveCfg = Release|x64
		{15DF8060-C5AF-482A-923A-090CA923157B}.Release|x64.Build.0 = Release|x64
		{15DF8060-C5AF-482A-923A-090CA923157B}.Release|x86.ActiveCfg = Release|x86
		{15DF8060-C5AF-482A-923A-090CA923157B}.Release|x86.Build.0 = Release|x86
	EndGlobalSection
	GlobalSection(SolutionProperties) = preSolution
		HideSolutionNode = FALSE
	EndGlobalSection
EndGlobal
